
Microsoft Visual Studio Solution File, Format Version 12.00
# Visual Studio 15
VisualStudioVersion = 15.0.27703.2047
MinimumVisualStudioVersion = 10.0.40219.1
Project("{FAE04EC0-301F-11D3-BF4B-00C04F79EFBC}") = "Key-ValueStrore", "Key-ValueStrore\Key-ValueStrore.csproj", "{280FC32E-0AD4-4890-A0EA-CD18D1CA307E}"
EndProject
Project("{FAE04EC0-301F-11D3-BF4B-00C04F79EFBC}") = "GenericKeyValue", "GenericKeyValue\GenericKeyValue.csproj", "{BF5BE2A9-7D20-4275-866F-D6B4F6796665}"
EndProject
Project("{FAE04EC0-301F-11D3-BF4B-00C04F79EFBC}") = "GenericCollections", "GenericCollections\GenericCollections.csproj", "{CA9EFD51-3296-4E83-BEDC-C6C988E53002}"
EndProject
Global
	GlobalSection(SolutionConfigurationPlatforms) = preSolution
		Debug|Any CPU = Debug|Any CPU
		Release|Any CPU = Release|Any CPU
	EndGlobalSection
	GlobalSection(ProjectConfigurationPlatforms) = postSolution
		{280FC32E-0AD4-4890-A0EA-CD18D1CA307E}.Debug|Any CPU.ActiveCfg = Debug|Any CPU
		{280FC32E-0AD4-4890-A0EA-CD18D1CA307E}.Debug|Any CPU.Build.0 = Debug|Any CPU
		{280FC32E-0AD4-4890-A0EA-CD18D1CA307E}.Release|Any CPU.ActiveCfg = Release|Any CPU
		{280FC32E-0AD4-4890-A0EA-CD18D1CA307E}.Release|Any CPU.Build.0 = Release|Any CPU
		{BF5BE2A9-7D20-4275-866F-D6B4F6796665}.Debug|Any CPU.ActiveCfg = Debug|Any CPU
		{BF5BE2A9-7D20-4275-866F-D6B4F6796665}.Debug|Any CPU.Build.0 = Debug|Any CPU
		{BF5BE2A9-7D20-4275-866F-D6B4F6796665}.Release|Any CPU.ActiveCfg = Release|Any CPU
		{BF5BE2A9-7D20-4275-866F-D6B4F6796665}.Release|Any CPU.Build.0 = Release|Any CPU
		{CA9EFD51-3296-4E83-BEDC-C6C988E53002}.Debug|Any CPU.ActiveCfg = Debug|Any CPU
		{CA9EFD51-3296-4E83-BEDC-C6C988E53002}.Debug|Any CPU.Build.0 = Debug|Any CPU
		{CA9EFD51-3296-4E83-BEDC-C6C988E53002}.Release|Any CPU.ActiveCfg = Release|Any CPU
		{CA9EFD51-3296-4E83-BEDC-C6C988E53002}.Release|Any CPU.Build.0 = Release|Any CPU
	EndGlobalSection
	GlobalSection(SolutionProperties) = preSolution
		HideSolutionNode = FALSE
	EndGlobalSection
	GlobalSection(ExtensibilityGlobals) = postSolution
		SolutionGuid = {E487486D-498F-4C54-B7D8-6A9CB73C948F}
	EndGlobalSection
EndGlobal
